
Microsoft Visual Studio Solution File, Format Version 12.00
# Visual Studio Version 17
VisualStudioVersion = 17.5.33424.131
MinimumVisualStudioVersion = 10.0.40219.1
Project("{FAE04EC0-301F-11D3-BF4B-00C04F79EFBC}") = "mini-telemetria", "mini-telemetria.csproj", "{759D79E8-8368-4071-A024-A013562CFF48}"
EndProject
Global
	GlobalSection(SolutionConfigurationPlatforms) = preSolution
		Debug|Any CPU = Debug|Any CPU
		Release|Any CPU = Release|Any CPU
	EndGlobalSection
	GlobalSection(ProjectConfigurationPlatforms) = postSolution
		{759D79E8-8368-4071-A024-A013562CFF48}.Debug|Any CPU.ActiveCfg = Debug|Any CPU
		{759D79E8-8368-4071-A024-A013562CFF48}.Debug|Any CPU.Build.0 = Debug|Any CPU
		{759D79E8-8368-4071-A024-A013562CFF48}.Release|Any CPU.ActiveCfg = Release|Any CPU
		{759D79E8-8368-4071-A024-A013562CFF48}.Release|Any CPU.Build.0 = Release|Any CPU
	EndGlobalSection
	GlobalSection(SolutionProperties) = preSolution
		HideSolutionNode = FALSE
	EndGlobalSection
	GlobalSection(ExtensibilityGlobals) = postSolution
		SolutionGuid = {21833890-8A2C-49C7-9680-0D9D04BDFB5F}
	EndGlobalSection
EndGlobal
